{
  "name": "Shopify",
  "lockfileVersion": 2,
  "requires": true,
  "packages": {
    "": {
      "dependencies": {
        "finder-unused-fonts": "^1.0.0"
      }
    },
    "node_modules/finder-unused-fonts": {
      "version": "1.0.0",
      "resolved": "https://registry.npmjs.org/finder-unused-fonts/-/finder-unused-fonts-1.0.0.tgz",
      "integrity": "sha512-O2+swZT8C4vntn54+Ny0Vc5rSJlvrdtC1Buj08s4tUv/Bc6Afk+1fBCTfTgU4Q9YoQ/7mvOM8oByLkBhLg0nsg=="
    }
  },
  "dependencies": {
    "finder-unused-fonts": {
      "version": "1.0.0",
      "resolved": "https://registry.npmjs.org/finder-unused-fonts/-/finder-unused-fonts-1.0.0.tgz",
      "integrity": "sha512-O2+swZT8C4vntn54+Ny0Vc5rSJlvrdtC1Buj08s4tUv/Bc6Afk+1fBCTfTgU4Q9YoQ/7mvOM8oByLkBhLg0nsg=="
    }
  }
}
